
Microsoft Visual Studio Solution File, Format Version 12.00
# Visual Studio Version 17
VisualStudioVersion = 17.0.31919.166
MinimumVisualStudioVersion = 10.0.40219.1
Project("{9A19103F-16F7-4668-BE54-9A1E7A4F7556}") = "MB.Domain", "MB.Domain\MB.Domain.csproj", "{0BD1DBD3-8D44-4A12-BD24-FC16F870DAFE}"
EndProject
Project("{9A19103F-16F7-4668-BE54-9A1E7A4F7556}") = "MB.Application.contracts", "MB.Application.contracts\MB.Application.contracts.csproj", "{ECC58579-B31B-4611-A1B6-AA1013816820}"
EndProject
Project("{9A19103F-16F7-4668-BE54-9A1E7A4F7556}") = "MB.Application", "MB.Application\MB.Application.csproj", "{C39F523D-DFED-4BA2-9D47-05B99030C9A5}"
EndProject
Project("{9A19103F-16F7-4668-BE54-9A1E7A4F7556}") = "MB.Infrastructure.EFCore", "MB.Infrastructure.EFCore\MB.Infrastructure.EFCore.csproj", "{A16C59AE-E5A7-4CCA-B00A-2FE10565A24A}"
EndProject
Project("{9A19103F-16F7-4668-BE54-9A1E7A4F7556}") = "MB.Presentaion.Razor", "MB.Presentaion.Razor\MB.Presentaion.Razor.csproj", "{FFCC882F-2EB5-44A0-8F40-19B5250C152C}"
EndProject
Project("{9A19103F-16F7-4668-BE54-9A1E7A4F7556}") = "MB.Infrastructure.Core", "MB.Infrastructure.Core\MB.Infrastructure.Core.csproj", "{CBA47F6B-43A0-4BA9-8602-5B427967E92B}"
EndProject
Project("{2150E333-8FDC-42A3-9474-1A3956D46DE8}") = "Solution Items", "Solution Items", "{01C34EA5-D190-4656-879D-74112DECC5AE}"
	ProjectSection(SolutionItems) = preProject
		.gitignore = .gitignore
	EndProjectSection
EndProject
Project("{FAE04EC0-301F-11D3-BF4B-00C04F79EFBC}") = "MB.Infrastructure.Query", "MB.Infrastructure.Query\MB.Infrastructure.Query.csproj", "{86A5305A-ABF8-477E-B2EC-7A09F2B3CF55}"
EndProject
Global
	GlobalSection(SolutionConfigurationPlatforms) = preSolution
		Debug|Any CPU = Debug|Any CPU
		Release|Any CPU = Release|Any CPU
	EndGlobalSection
	GlobalSection(ProjectConfigurationPlatforms) = postSolution
		{0BD1DBD3-8D44-4A12-BD24-FC16F870DAFE}.Debug|Any CPU.ActiveCfg = Debug|Any CPU
		{0BD1DBD3-8D44-4A12-BD24-FC16F870DAFE}.Debug|Any CPU.Build.0 = Debug|Any CPU
		{0BD1DBD3-8D44-4A12-BD24-FC16F870DAFE}.Release|Any CPU.ActiveCfg = Release|Any CPU
		{0BD1DBD3-8D44-4A12-BD24-FC16F870DAFE}.Release|Any CPU.Build.0 = Release|Any CPU
		{ECC58579-B31B-4611-A1B6-AA1013816820}.Debug|Any CPU.ActiveCfg = Debug|Any CPU
		{ECC58579-B31B-4611-A1B6-AA1013816820}.Debug|Any CPU.Build.0 = Debug|Any CPU
		{ECC58579-B31B-4611-A1B6-AA1013816820}.Release|Any CPU.ActiveCfg = Release|Any CPU
		{ECC58579-B31B-4611-A1B6-AA1013816820}.Release|Any CPU.Build.0 = Release|Any CPU
		{C39F523D-DFED-4BA2-9D47-05B99030C9A5}.Debug|Any CPU.ActiveCfg = Debug|Any CPU
		{C39F523D-DFED-4BA2-9D47-05B99030C9A5}.Debug|Any CPU.Build.0 = Debug|Any CPU
		{C39F523D-DFED-4BA2-9D47-05B99030C9A5}.Release|Any CPU.ActiveCfg = Release|Any CPU
		{C39F523D-DFED-4BA2-9D47-05B99030C9A5}.Release|Any CPU.Build.0 = Release|Any CPU
		{A16C59AE-E5A7-4CCA-B00A-2FE10565A24A}.Debug|Any CPU.ActiveCfg = Debug|Any CPU
		{A16C59AE-E5A7-4CCA-B00A-2FE10565A24A}.Debug|Any CPU.Build.0 = Debug|Any CPU
		{A16C59AE-E5A7-4CCA-B00A-2FE10565A24A}.Release|Any CPU.ActiveCfg = Release|Any CPU
		{A16C59AE-E5A7-4CCA-B00A-2FE10565A24A}.Release|Any CPU.Build.0 = Release|Any CPU
		{FFCC882F-2EB5-44A0-8F40-19B5250C152C}.Debug|Any CPU.ActiveCfg = Debug|Any CPU
		{FFCC882F-2EB5-44A0-8F40-19B5250C152C}.Debug|Any CPU.Build.0 = Debug|Any CPU
		{FFCC882F-2EB5-44A0-8F40-19B5250C152C}.Release|Any CPU.ActiveCfg = Release|Any CPU
		{FFCC882F-2EB5-44A0-8F40-19B5250C152C}.Release|Any CPU.Build.0 = Release|Any CPU
		{CBA47F6B-43A0-4BA9-8602-5B427967E92B}.Debug|Any CPU.ActiveCfg = Debug|Any CPU
		{CBA47F6B-43A0-4BA9-8602-5B427967E92B}.Debug|Any CPU.Build.0 = Debug|Any CPU
		{CBA47F6B-43A0-4BA9-8602-5B427967E92B}.Release|Any CPU.ActiveCfg = Release|Any CPU
		{CBA47F6B-43A0-4BA9-8602-5B427967E92B}.Release|Any CPU.Build.0 = Release|Any CPU
		{86A5305A-ABF8-477E-B2EC-7A09F2B3CF55}.Debug|Any CPU.ActiveCfg = Debug|Any CPU
		{86A5305A-ABF8-477E-B2EC-7A09F2B3CF55}.Debug|Any CPU.Build.0 = Debug|Any CPU
		{86A5305A-ABF8-477E-B2EC-7A09F2B3CF55}.Release|Any CPU.ActiveCfg = Release|Any CPU
		{86A5305A-ABF8-477E-B2EC-7A09F2B3CF55}.Release|Any CPU.Build.0 = Release|Any CPU
	EndGlobalSection
	GlobalSection(SolutionProperties) = preSolution
		HideSolutionNode = FALSE
	EndGlobalSection
	GlobalSection(ExtensibilityGlobals) = postSolution
		SolutionGuid = {3570181A-18E6-4909-A250-61EB422D3A85}
	EndGlobalSection
EndGlobal
